<?xml version="1.0" encoding="utf-8"?>
<Project ToolsVersion="4.0" xmlns="http://schemas.microsoft.com/developer/msbuild/2003">
  <ItemGroup>
    <Filter Include="Source Files">
      <UniqueIdentifier>{4FC737F1-C7A5-4376-A066-2A32D752A2FF}</UniqueIdentifier>
      <Extensions>cpp;c;cc;cxx;def;odl;idl;hpj;bat;asm;asmx</Extensions>
    </Filter>
    <Filter Include="Header Files">
      <UniqueIdentifier>{93995380-89BD-4b04-88EB-625FBE52EBFB}</UniqueIdentifier>
      <Extensions>h;hpp;hxx;hm;inl;inc;xsd</Extensions>
    </Filter>
    <Filter Include="Resource Files">
      <UniqueIdentifier>{67DA6AB6-F800-4c08-8B7A-83BB121AAD01}</UniqueIdentifier>
      <Extensions>rc;ico;cur;bmp;dlg;rc2;rct;bin;rgs;gif;jpg;jpeg;jpe;resx;tiff;tif;png;wav;mfcribbon-ms</Extensions>
    </Filter>
    <Filter Include="Header Files\Components">
      <UniqueIdentifier>{667402d2-18d6-465b-bf64-349a5e03dc70}</UniqueIdentifier>
    </Filter>
    <Filter Include="Shaders">
      <UniqueIdentifier>{61827fac-0f17-45a5-a67a-24a4bb5db30b}</UniqueIdentifier>
    </Filter>
    <Filter Include="Source Files\Components">
      <UniqueIdentifier>{150b55ac-e8aa-470f-b429-71b1002372f9}</UniqueIdentifier>
    </Filter>
  </ItemGroup>
  <ItemGroup>
    <ClCompile Include="Utils.cpp">
      <Filter>Source Files</Filter>
    </ClCompile>
    <ClCompile Include="main.cpp">
      <Filter>Source Files</Filter>
    </ClCompile>
    <ClCompile Include="entity.cpp">
      <Filter>Source Files</Filter>
    </ClCompile>
    <ClCompile Include="tile_render_component.cpp">
      <Filter>Source Files\Components</Filter>
    </ClCompile>
    <ClCompile Include="filehandling.cpp">
      <Filter>Source Files</Filter>
    </ClCompile>
    <ClCompile Include="level.cpp">
      <Filter>Source Files</Filter>
    </ClCompile>
    <ClCompile Include="tile_render_manager.cpp">
      <Filter>Source Files</Filter>
    </ClCompile>
    <ClCompile Include="tee_render_component.cpp">
      <Filter>Source Files\Components</Filter>
    </ClCompile>
  </ItemGroup>
  <ItemGroup>
    <ClInclude Include="Utils.h">
      <Filter>Header Files</Filter>
    </ClInclude>
    <ClInclude Include="entity.h">
      <Filter>Header Files</Filter>
    </ClInclude>
    <ClInclude Include="component.h">
      <Filter>Header Files</Filter>
    </ClInclude>
    <ClInclude Include="tile_render_component.h">
      <Filter>Header Files\Components</Filter>
    </ClInclude>
    <ClInclude Include="filehandling.h">
      <Filter>Header Files</Filter>
    </ClInclude>
    <ClInclude Include="level.h">
      <Filter>Header Files</Filter>
    </ClInclude>
    <ClInclude Include="tile_render_manager.h">
      <Filter>Header Files</Filter>
    </ClInclude>
    <ClInclude Include="tee_render_component.h">
      <Filter>Header Files\Components</Filter>
    </ClInclude>
  </ItemGroup>
  <ItemGroup>
    <None Include="diffuse.fragment.glsl">
      <Filter>Shaders</Filter>
    </None>
    <None Include="diffuse.vertex.glsl">
      <Filter>Shaders</Filter>
    </None>
  </ItemGroup>
</Project>