<?xml version="1.0" encoding="utf-8"?>
<Project ToolsVersion="4.0" xmlns="http://schemas.microsoft.com/developer/msbuild/2003">
  <ItemGroup>
    <Filter Include="Source Files">
      <UniqueIdentifier>{4FC737F1-C7A5-4376-A066-2A32D752A2FF}</UniqueIdentifier>
      <Extensions>cpp;c;cc;cxx;def;odl;idl;hpj;bat;asm;asmx</Extensions>
    </Filter>
    <Filter Include="Header Files">
      <UniqueIdentifier>{93995380-89BD-4b04-88EB-625FBE52EBFB}</UniqueIdentifier>
      <Extensions>h;hpp;hxx;hm;inl;inc;xsd</Extensions>
    </Filter>
    <Filter Include="Resource Files">
      <UniqueIdentifier>{67DA6AB6-F800-4c08-8B7A-83BB121AAD01}</UniqueIdentifier>
      <Extensions>rc;ico;cur;bmp;dlg;rc2;rct;bin;rgs;gif;jpg;jpeg;jpe;resx;tiff;tif;png;wav;mfcribbon-ms</Extensions>
    </Filter>
    <Filter Include="Shaders">
      <UniqueIdentifier>{61827fac-0f17-45a5-a67a-24a4bb5db30b}</UniqueIdentifier>
    </Filter>
    <Filter Include="Header Files\engine">
      <UniqueIdentifier>{c1761f61-b491-418a-919c-45d1e06af211}</UniqueIdentifier>
    </Filter>
    <Filter Include="Source Files\engine">
      <UniqueIdentifier>{d2af3945-829f-424a-a616-9f3a1585e575}</UniqueIdentifier>
    </Filter>
    <Filter Include="Header Files\game">
      <UniqueIdentifier>{3b57c74b-9055-487b-86e1-5dff936fd23f}</UniqueIdentifier>
    </Filter>
    <Filter Include="Source Files\game">
      <UniqueIdentifier>{545247b0-8967-42cf-b96e-9d765bb344d9}</UniqueIdentifier>
    </Filter>
    <Filter Include="Header Files\game\components">
      <UniqueIdentifier>{f76b9e70-f510-4c45-bdbf-ae2c60f4c057}</UniqueIdentifier>
    </Filter>
    <Filter Include="Header Files\game\systems">
      <UniqueIdentifier>{df3c4a0d-4bf4-4ab1-8a9a-743c6db3f491}</UniqueIdentifier>
    </Filter>
    <Filter Include="Source Files\game\components">
      <UniqueIdentifier>{a64f1334-ecc3-4ce2-ae94-321f067a7db3}</UniqueIdentifier>
    </Filter>
    <Filter Include="Source Files\game\systems">
      <UniqueIdentifier>{147172d7-99df-4cff-bea7-6f43fabdbb7e}</UniqueIdentifier>
    </Filter>
  </ItemGroup>
  <ItemGroup>
    <ClCompile Include="entity.cpp">
      <Filter>Source Files\engine</Filter>
    </ClCompile>
    <ClCompile Include="Utils.cpp">
      <Filter>Source Files\engine</Filter>
    </ClCompile>
    <ClCompile Include="entity_manager.cpp">
      <Filter>Source Files\engine</Filter>
    </ClCompile>
    <ClCompile Include="basic_material.cpp">
      <Filter>Source Files\game</Filter>
    </ClCompile>
    <ClCompile Include="factory.cpp">
      <Filter>Source Files\game</Filter>
    </ClCompile>
    <ClCompile Include="file_handling.cpp">
      <Filter>Source Files\game</Filter>
    </ClCompile>
    <ClCompile Include="level.cpp">
      <Filter>Source Files\game</Filter>
    </ClCompile>
    <ClCompile Include="main.cpp">
      <Filter>Source Files\game</Filter>
    </ClCompile>
    <ClCompile Include="component_type.cpp">
      <Filter>Source Files\engine</Filter>
    </ClCompile>
    <ClCompile Include="component_type_manager.cpp">
      <Filter>Source Files\engine</Filter>
    </ClCompile>
    <ClCompile Include="entity_system.cpp">
      <Filter>Source Files\engine</Filter>
    </ClCompile>
    <ClCompile Include="system_manager.cpp">
      <Filter>Source Files\engine</Filter>
    </ClCompile>
    <ClCompile Include="material.cpp">
      <Filter>Source Files\game</Filter>
    </ClCompile>
    <ClCompile Include="shader_cache.cpp">
      <Filter>Source Files\game</Filter>
    </ClCompile>
    <ClCompile Include="render_system.cpp">
      <Filter>Source Files\game\systems</Filter>
    </ClCompile>
    <ClCompile Include="transform.cpp">
      <Filter>Source Files\game\components</Filter>
    </ClCompile>
    <ClCompile Include="geometry.cpp">
      <Filter>Source Files\game</Filter>
    </ClCompile>
    <ClCompile Include="camera.cpp">
      <Filter>Source Files\game\components</Filter>
    </ClCompile>
    <ClCompile Include="camera_controller.cpp">
      <Filter>Source Files\game\systems</Filter>
    </ClCompile>
    <ClCompile Include="input.cpp">
      <Filter>Source Files\engine</Filter>
    </ClCompile>
  </ItemGroup>
  <ItemGroup>
    <ClInclude Include="entity.h">
      <Filter>Header Files\engine</Filter>
    </ClInclude>
    <ClInclude Include="Utils.h">
      <Filter>Header Files\engine</Filter>
    </ClInclude>
    <ClInclude Include="component.h">
      <Filter>Header Files\engine</Filter>
    </ClInclude>
    <ClInclude Include="entity_manager.h">
      <Filter>Header Files\engine</Filter>
    </ClInclude>
    <ClInclude Include="basic_material.h">
      <Filter>Header Files\game</Filter>
    </ClInclude>
    <ClInclude Include="factory.h">
      <Filter>Header Files\game</Filter>
    </ClInclude>
    <ClInclude Include="file_handling.h">
      <Filter>Header Files\game</Filter>
    </ClInclude>
    <ClInclude Include="level.h">
      <Filter>Header Files\game</Filter>
    </ClInclude>
    <ClInclude Include="component_type.h">
      <Filter>Header Files\engine</Filter>
    </ClInclude>
    <ClInclude Include="component_type_manager.h">
      <Filter>Header Files\engine</Filter>
    </ClInclude>
    <ClInclude Include="entity_system.h">
      <Filter>Header Files\engine</Filter>
    </ClInclude>
    <ClInclude Include="system_manager.h">
      <Filter>Header Files\engine</Filter>
    </ClInclude>
    <ClInclude Include="material.h">
      <Filter>Header Files\game</Filter>
    </ClInclude>
    <ClInclude Include="shader_cache.h">
      <Filter>Header Files\game</Filter>
    </ClInclude>
    <ClInclude Include="camera.h">
      <Filter>Header Files\game\components</Filter>
    </ClInclude>
    <ClInclude Include="transform.h">
      <Filter>Header Files\game\components</Filter>
    </ClInclude>
    <ClInclude Include="render_system.h">
      <Filter>Header Files\game\systems</Filter>
    </ClInclude>
    <ClInclude Include="geometry.h">
      <Filter>Header Files\game</Filter>
    </ClInclude>
    <ClInclude Include="mesh.h">
      <Filter>Header Files\game\components</Filter>
    </ClInclude>
    <ClInclude Include="camera_controller.h">
      <Filter>Header Files\game\systems</Filter>
    </ClInclude>
    <ClInclude Include="input.h">
      <Filter>Header Files\engine</Filter>
    </ClInclude>
  </ItemGroup>
  <ItemGroup>
    <None Include="diffuse.fragment.glsl">
      <Filter>Shaders</Filter>
    </None>
    <None Include="diffuse.vertex.glsl">
      <Filter>Shaders</Filter>
    </None>
    <None Include="..\README" />
    <None Include="..\.gitignore" />
    <None Include="hole.00.db" />
    <None Include="hole.01.db" />
    <None Include="hole.02.db" />
    <None Include="diffuse.fragment.2.1.glsl">
      <Filter>Shaders</Filter>
    </None>
    <None Include="diffuse.vertex.2.1.glsl">
      <Filter>Shaders</Filter>
    </None>
  </ItemGroup>
</Project>